{
  "version": 4,
  "terraform_version": "1.3.4",
  "serial": 5,
  "lineage": "a28541ca-517e-2d06-4b55-088fa6bcc2d6",
  "outputs": {},
  "resources": [
    {
      "mode": "managed",
      "type": "github_repository",
      "name": "terraform-practice",
      "provider": "provider[\"registry.terraform.io/hashicorp/github\"]",
      "instances": [
        {
          "schema_version": 0,
          "attributes": {
            "allow_auto_merge": false,
            "allow_merge_commit": true,
            "allow_rebase_merge": true,
            "allow_squash_merge": true,
            "allow_update_branch": false,
            "archive_on_destroy": null,
            "archived": false,
            "auto_init": true,
            "default_branch": "main",
            "delete_branch_on_merge": false,
            "description": "",
            "etag": "W/\"c0083d522128e4311b05460ad9b0ee41686eb9fcff9cbafb1332ab4befa374af\"",
            "full_name": "nagasai9154/terraform-trail",
            "git_clone_url": "git://github.com/nagasai9154/terraform-trail.git",
            "gitignore_template": null,
            "has_downloads": false,
            "has_issues": false,
            "has_projects": false,
            "has_wiki": false,
            "homepage_url": "",
            "html_url": "https://github.com/nagasai9154/terraform-trail",
            "http_clone_url": "https://github.com/nagasai9154/terraform-trail.git",
            "id": "terraform-trail",
            "ignore_vulnerability_alerts_during_read": null,
            "is_template": false,
            "license_template": null,
            "merge_commit_message": "PR_TITLE",
            "merge_commit_title": "MERGE_MESSAGE",
            "name": "terraform-trail",
            "node_id": "R_kgDOIeVqGw",
            "pages": [],
            "private": false,
            "repo_id": 568683035,
            "security_and_analysis": [],
            "squash_merge_commit_message": "COMMIT_MESSAGES",
            "squash_merge_commit_title": "COMMIT_OR_PR_TITLE",
            "ssh_clone_url": "git@github.com:nagasai9154/terraform-trail.git",
            "svn_url": "https://github.com/nagasai9154/terraform-trail",
            "template": [],
            "topics": null,
            "visibility": "public",
            "vulnerability_alerts": false
          },
          "sensitive_attributes": [],
          "private": "bnVsbA=="
        }
      ]
    }
  ],
  "check_results": null
}
